PODS:
  - Socket.IO-Client-Swift (8.3.0)
  - Toast (3.1.0)

DEPENDENCIES:
  - Socket.IO-Client-Swift (~> 8.3.0)
  - Toast (~> 3.1.0)

SPEC CHECKSUMS:
  Socket.IO-Client-Swift: 7ad3aded3c0f74d99555e950ac3aa82ca3eefbaf
  Toast: 14a93686d6c8bfe2727afd342414e35660a8a1f3

PODFILE CHECKSUM: 729d2b498db4487da43ca67cdc114441ef03c73c

COCOAPODS: 1.2.0
